// !$*UTF8*$!
{
	archiveVersion = 1;
	classes = {
	};
	objectVersion = 46;
	objects = {

/* Begin PBXBuildFile section */
		9480899219BEA1DE0024CA8C /* Foundation.framework in Frameworks */ = {isa = PBXBuildFile; fileRef = 9480899119BEA1DE0024CA8C /* Foundation.framework */; };
		9480899419BEA1DE0024CA8C /* CoreGraphics.framework in Frameworks */ = {isa = PBXBuildFile; fileRef = 9480899319BEA1DE0024CA8C /* CoreGraphics.framework */; };
		9480899619BEA1DE0024CA8C /* UIKit.framework in Frameworks */ = {isa = PBXBuildFile; fileRef = 9480899519BEA1DE0024CA8C /* UIKit.framework */; };
		9480899C19BEA1DE0024CA8C /* InfoPlist.strings in Resources */ = {isa = PBXBuildFile; fileRef = 9480899A19BEA1DE0024CA8C /* InfoPlist.strings */; };
		9480899E19BEA1DE0024CA8C /* main.m in Sources */ = {isa = PBXBuildFile; fileRef = 9480899D19BEA1DE0024CA8C /* main.m */; };
		948089A219BEA1DE0024CA8C /* AppDelegate.m in Sources */ = {isa = PBXBuildFile; fileRef = 948089A119BEA1DE0024CA8C /* AppDelegate.m */; };
		948089A519BEA1DE0024CA8C /* Main_iPhone.storyboard in Resources */ = {isa = PBXBuildFile; fileRef = 948089A319BEA1DE0024CA8C /* Main_iPhone.storyboard */; };
		948089A819BEA1DE0024CA8C /* Main_iPad.storyboard in Resources */ = {isa = PBXBuildFile; fileRef = 948089A619BEA1DE0024CA8C /* Main_iPad.storyboard */; };
		948089AD19BEA1DE0024CA8C /* Images.xcassets in Resources */ = {isa = PBXBuildFile; fileRef = 948089AC19BEA1DE0024CA8C /* Images.xcassets */; };
		948089B419BEA1DE0024CA8C /* XCTest.framework in Frameworks */ = {isa = PBXBuildFile; fileRef = 948089B319BEA1DE0024CA8C /* XCTest.framework */; };
		948089B519BEA1DE0024CA8C /* Foundation.framework in Frameworks */ = {isa = PBXBuildFile; fileRef = 9480899119BEA1DE0024CA8C /* Foundation.framework */; };
		948089B619BEA1DE0024CA8C /* UIKit.framework in Frameworks */ = {isa = PBXBuildFile; fileRef = 9480899519BEA1DE0024CA8C /* UIKit.framework */; };
		948089BE19BEA1DF0024CA8C /* InfoPlist.strings in Resources */ = {isa = PBXBuildFile; fileRef = 948089BC19BEA1DF0024CA8C /* InfoPlist.strings */; };
		948089C019BEA1DF0024CA8C /* CFEMovilDemoTests.m in Sources */ = {isa = PBXBuildFile; fileRef = 948089BF19BEA1DF0024CA8C /* CFEMovilDemoTests.m */; };
		948089CB19BEA8720024CA8C /* TiposFallasTableViewController.m in Sources */ = {isa = PBXBuildFile; fileRef = 948089CA19BEA8720024CA8C /* TiposFallasTableViewController.m */; };
		948089CE19BEA98A0024CA8C /* ReporteTableViewController.m in Sources */ = {isa = PBXBuildFile; fileRef = 948089CD19BEA98A0024CA8C /* ReporteTableViewController.m */; };
		948089D119BEA9A80024CA8C /* RequestsCenter.m in Sources */ = {isa = PBXBuildFile; fileRef = 948089D019BEA9A80024CA8C /* RequestsCenter.m */; };
/* End PBXBuildFile section */

/* Begin PBXContainerItemProxy section */
		948089B719BEA1DE0024CA8C /* PBXContainerItemProxy */ = {
			isa = PBXContainerItemProxy;
			containerPortal = 9480898619BEA1DE0024CA8C /* Project object */;
			proxyType = 1;
			remoteGlobalIDString = 9480898D19BEA1DE0024CA8C;
			remoteInfo = CFEMovilDemo;
		};
/* End PBXContainerItemProxy section */

/* Begin PBXFileReference section */
		9480898E19BEA1DE0024CA8C /* CFEMovilDemo.app */ = {isa = PBXFileReference; explicitFileType = wrapper.application; includeInIndex = 0; path = CFEMovilDemo.app; sourceTree = BUILT_PRODUCTS_DIR; };
		9480899119BEA1DE0024CA8C /* Foundation.framework */ = {isa = PBXFileReference; lastKnownFileType = wrapper.framework; name = Foundation.framework; path = System/Library/Frameworks/Foundation.framework; sourceTree = SDKROOT; };
		9480899319BEA1DE0024CA8C /* CoreGraphics.framework */ = {isa = PBXFileReference; lastKnownFileType = wrapper.framework; name = CoreGraphics.framework; path = System/Library/Frameworks/CoreGraphics.framework; sourceTree = SDKROOT; };
		9480899519BEA1DE0024CA8C /* UIKit.framework */ = {isa = PBXFileReference; lastKnownFileType = wrapper.framework; name = UIKit.framework; path = System/Library/Frameworks/UIKit.framework; sourceTree = SDKROOT; };
		9480899919BEA1DE0024CA8C /* CFEMovilDemo-Info.plist */ = {isa = PBXFileReference; lastKnownFileType = text.plist.xml; path = "CFEMovilDemo-Info.plist"; sourceTree = "<group>"; };
		9480899B19BEA1DE0024CA8C /* en */ = {isa = PBXFileReference; lastKnownFileType = text.plist.strings; name = en; path = en.lproj/InfoPlist.strings; sourceTree = "<group>"; };
		9480899D19BEA1DE0024CA8C /* main.m */ = {isa = PBXFileReference; lastKnownFileType = sourcecode.c.objc; path = main.m; sourceTree = "<group>"; };
		9480899F19BEA1DE0024CA8C /* CFEMovilDemo-Prefix.pch */ = {isa = PBXFileReference; lastKnownFileType = sourcecode.c.h; path = "CFEMovilDemo-Prefix.pch"; sourceTree = "<group>"; };
		948089A019BEA1DE0024CA8C /* AppDelegate.h */ = {isa = PBXFileReference; lastKnownFileType = sourcecode.c.h; path = AppDelegate.h; sourceTree = "<group>"; };
		948089A119BEA1DE0024CA8C /* AppDelegate.m */ = {isa = PBXFileReference; lastKnownFileType = sourcecode.c.objc; path = AppDelegate.m; sourceTree = "<group>"; };
		948089A419BEA1DE0024CA8C /* Base */ = {isa = PBXFileReference; lastKnownFileType = file.storyboard; name = Base; path = Base.lproj/Main_iPhone.storyboard; sourceTree = "<group>"; };
		948089A719BEA1DE0024CA8C /* Base */ = {isa = PBXFileReference; lastKnownFileType = file.storyboard; name = Base; path = Base.lproj/Main_iPad.storyboard; sourceTree = "<group>"; };
		948089AC19BEA1DE0024CA8C /* Images.xcassets */ = {isa = PBXFileReference; lastKnownFileType = folder.assetcatalog; path = Images.xcassets; sourceTree = "<group>"; };
		948089B219BEA1DE0024CA8C /* CFEMovilDemoTests.xctest */ = {isa = PBXFileReference; explicitFileType = wrapper.cfbundle; includeInIndex = 0; path = CFEMovilDemoTests.xctest; sourceTree = BUILT_PRODUCTS_DIR; };
		948089B319BEA1DE0024CA8C /* XCTest.framework */ = {isa = PBXFileReference; lastKnownFileType = wrapper.framework; name = XCTest.framework; path = Library/Frameworks/XCTest.framework; sourceTree = DEVELOPER_DIR; };
		948089BB19BEA1DE0024CA8C /* CFEMovilDemoTests-Info.plist */ = {isa = PBXFileReference; lastKnownFileType = text.plist.xml; path = "CFEMovilDemoTests-Info.plist"; sourceTree = "<group>"; };
		948089BD19BEA1DF0024CA8C /* en */ = {isa = PBXFileReference; lastKnownFileType = text.plist.strings; name = en; path = en.lproj/InfoPlist.strings; sourceTree = "<group>"; };
		948089BF19BEA1DF0024CA8C /* CFEMovilDemoTests.m */ = {isa = PBXFileReference; lastKnownFileType = sourcecode.c.objc; path = CFEMovilDemoTests.m; sourceTree = "<group>"; };
		948089C919BEA8720024CA8C /* TiposFallasTableViewController.h */ = {isa = PBXFileReference; fileEncoding = 4; lastKnownFileType = sourcecode.c.h; path = TiposFallasTableViewController.h; sourceTree = "<group>"; };
		948089CA19BEA8720024CA8C /* TiposFallasTableViewController.m */ = {isa = PBXFileReference; fileEncoding = 4; lastKnownFileType = sourcecode.c.objc; path = TiposFallasTableViewController.m; sourceTree = "<group>"; };
		948089CC19BEA98A0024CA8C /* ReporteTableViewController.h */ = {isa = PBXFileReference; fileEncoding = 4; lastKnownFileType = sourcecode.c.h; path = ReporteTableViewController.h; sourceTree = "<group>"; };
		948089CD19BEA98A0024CA8C /* ReporteTableViewController.m */ = {isa = PBXFileReference; fileEncoding = 4; lastKnownFileType = sourcecode.c.objc; path = ReporteTableViewController.m; sourceTree = "<group>"; };
		948089CF19BEA9A80024CA8C /* RequestsCenter.h */ = {isa = PBXFileReference; fileEncoding = 4; lastKnownFileType = sourcecode.c.h; path = RequestsCenter.h; sourceTree = "<group>"; };
		948089D019BEA9A80024CA8C /* RequestsCenter.m */ = {isa = PBXFileReference; fileEncoding = 4; lastKnownFileType = sourcecode.c.objc; path = RequestsCenter.m; sourceTree = "<group>"; };
/* End PBXFileReference section */

/* Begin PBXFrameworksBuildPhase section */
		9480898B19BEA1DE0024CA8C /* Frameworks */ = {
			isa = PBXFrameworksBuildPhase;
			buildActionMask = 2147483647;
			files = (
				9480899419BEA1DE0024CA8C /* CoreGraphics.framework in Frameworks */,
				9480899619BEA1DE0024CA8C /* UIKit.framework in Frameworks */,
				9480899219BEA1DE0024CA8C /* Foundation.framework in Frameworks */,
			);
			runOnlyForDeploymentPostprocessing = 0;
		};
		948089AF19BEA1DE0024CA8C /* Frameworks */ = {
			isa = PBXFrameworksBuildPhase;
			buildActionMask = 2147483647;
			files = (
				948089B419BEA1DE0024CA8C /* XCTest.framework in Frameworks */,
				948089B619BEA1DE0024CA8C /* UIKit.framework in Frameworks */,
				948089B519BEA1DE0024CA8C /* Foundation.framework in Frameworks */,
			);
			runOnlyForDeploymentPostprocessing = 0;
		};
/* End PBXFrameworksBuildPhase section */

/* Begin PBXGroup section */
		9480898519BEA1DE0024CA8C = {
			isa = PBXGroup;
			children = (
				9480899719BEA1DE0024CA8C /* CFEMovilDemo */,
				948089B919BEA1DE0024CA8C /* CFEMovilDemoTests */,
				9480899019BEA1DE0024CA8C /* Frameworks */,
				9480898F19BEA1DE0024CA8C /* Products */,
			);
			sourceTree = "<group>";
		};
		9480898F19BEA1DE0024CA8C /* Products */ = {
			isa = PBXGroup;
			children = (
				9480898E19BEA1DE0024CA8C /* CFEMovilDemo.app */,
				948089B219BEA1DE0024CA8C /* CFEMovilDemoTests.xctest */,
			);
			name = Products;
			sourceTree = "<group>";
		};
		9480899019BEA1DE0024CA8C /* Frameworks */ = {
			isa = PBXGroup;
			children = (
				9480899119BEA1DE0024CA8C /* Foundation.framework */,
				9480899319BEA1DE0024CA8C /* CoreGraphics.framework */,
				9480899519BEA1DE0024CA8C /* UIKit.framework */,
				948089B319BEA1DE0024CA8C /* XCTest.framework */,
			);
			name = Frameworks;
			sourceTree = "<group>";
		};
		9480899719BEA1DE0024CA8C /* CFEMovilDemo */ = {
			isa = PBXGroup;
			children = (
				948089A019BEA1DE0024CA8C /* AppDelegate.h */,
				948089A119BEA1DE0024CA8C /* AppDelegate.m */,
				948089A319BEA1DE0024CA8C /* Main_iPhone.storyboard */,
				948089A619BEA1DE0024CA8C /* Main_iPad.storyboard */,
				948089AC19BEA1DE0024CA8C /* Images.xcassets */,
				9480899819BEA1DE0024CA8C /* Supporting Files */,
				948089C919BEA8720024CA8C /* TiposFallasTableViewController.h */,
				948089CA19BEA8720024CA8C /* TiposFallasTableViewController.m */,
				948089CC19BEA98A0024CA8C /* ReporteTableViewController.h */,
				948089CD19BEA98A0024CA8C /* ReporteTableViewController.m */,
				948089CF19BEA9A80024CA8C /* RequestsCenter.h */,
				948089D019BEA9A80024CA8C /* RequestsCenter.m */,
			);
			path = CFEMovilDemo;
			sourceTree = "<group>";
		};
		9480899819BEA1DE0024CA8C /* Supporting Files */ = {
			isa = PBXGroup;
			children = (
				9480899919BEA1DE0024CA8C /* CFEMovilDemo-Info.plist */,
				9480899A19BEA1DE0024CA8C /* InfoPlist.strings */,
				9480899D19BEA1DE0024CA8C /* main.m */,
				9480899F19BEA1DE0024CA8C /* CFEMovilDemo-Prefix.pch */,
			);
			name = "Supporting Files";
			sourceTree = "<group>";
		};
		948089B919BEA1DE0024CA8C /* CFEMovilDemoTests */ = {
			isa = PBXGroup;
			children = (
				948089BF19BEA1DF0024CA8C /* CFEMovilDemoTests.m */,
				948089BA19BEA1DE0024CA8C /* Supporting Files */,
			);
			path = CFEMovilDemoTests;
			sourceTree = "<group>";
		};
		948089BA19BEA1DE0024CA8C /* Supporting Files */ = {
			isa = PBXGroup;
			children = (
				948089BB19BEA1DE0024CA8C /* CFEMovilDemoTests-Info.plist */,
				948089BC19BEA1DF0024CA8C /* InfoPlist.strings */,
			);
			name = "Supporting Files";
			sourceTree = "<group>";
		};
/* End PBXGroup section */

/* Begin PBXNativeTarget section */
		9480898D19BEA1DE0024CA8C /* CFEMovilDemo */ = {
			isa = PBXNativeTarget;
			buildConfigurationList = 948089C319BEA1DF0024CA8C /* Build configuration list for PBXNativeTarget "CFEMovilDemo" */;
			buildPhases = (
				9480898A19BEA1DE0024CA8C /* Sources */,
				9480898B19BEA1DE0024CA8C /* Frameworks */,
				9480898C19BEA1DE0024CA8C /* Resources */,
			);
			buildRules = (
			);
			dependencies = (
			);
			name = CFEMovilDemo;
			productName = CFEMovilDemo;
			productReference = 9480898E19BEA1DE0024CA8C /* CFEMovilDemo.app */;
			productType = "com.apple.product-type.application";
		};
		948089B119BEA1DE0024CA8C /* CFEMovilDemoTests */ = {
			isa = PBXNativeTarget;
			buildConfigurationList = 948089C619BEA1DF0024CA8C /* Build configuration list for PBXNativeTarget "CFEMovilDemoTests" */;
			buildPhases = (
				948089AE19BEA1DE0024CA8C /* Sources */,
				948089AF19BEA1DE0024CA8C /* Frameworks */,
				948089B019BEA1DE0024CA8C /* Resources */,
			);
			buildRules = (
			);
			dependencies = (
				948089B819BEA1DE0024CA8C /* PBXTargetDependency */,
			);
			name = CFEMovilDemoTests;
			productName = CFEMovilDemoTests;
			productReference = 948089B219BEA1DE0024CA8C /* CFEMovilDemoTests.xctest */;
			productType = "com.apple.product-type.bundle.unit-test";
		};
/* End PBXNativeTarget section */

/* Begin PBXProject section */
		9480898619BEA1DE0024CA8C /* Project object */ = {
			isa = PBXProject;
			attributes = {
				LastUpgradeCheck = 0510;
				ORGANIZATIONNAME = Pretzel;
				TargetAttributes = {
					948089B119BEA1DE0024CA8C = {
						TestTargetID = 9480898D19BEA1DE0024CA8C;
					};
				};
			};
			buildConfigurationList = 9480898919BEA1DE0024CA8C /* Build configuration list for PBXProject "CFEMovilDemo" */;
			compatibilityVersion = "Xcode 3.2";
			developmentRegion = English;
			hasScannedForEncodings = 0;
			knownRegions = (
				en,
				Base,
			);
			mainGroup = 9480898519BEA1DE0024CA8C;
			productRefGroup = 9480898F19BEA1DE0024CA8C /* Products */;
			projectDirPath = "";
			projectRoot = "";
			targets = (
				9480898D19BEA1DE0024CA8C /* CFEMovilDemo */,
				948089B119BEA1DE0024CA8C /* CFEMovilDemoTests */,
			);
		};
/* End PBXProject section */

/* Begin PBXResourcesBuildPhase section */
		9480898C19BEA1DE0024CA8C /* Resources */ = {
			isa = PBXResourcesBuildPhase;
			buildActionMask = 2147483647;
			files = (
				948089A819BEA1DE0024CA8C /* Main_iPad.storyboard in Resources */,
				948089AD19BEA1DE0024CA8C /* Images.xcassets in Resources */,
				948089A519BEA1DE0024CA8C /* Main_iPhone.storyboard in Resources */,
				9480899C19BEA1DE0024CA8C /* InfoPlist.strings in Resources */,
			);
			runOnlyForDeploymentPostprocessing = 0;
		};
		948089B019BEA1DE0024CA8C /* Resources */ = {
			isa = PBXResourcesBuildPhase;
			buildActionMask = 2147483647;
			files = (
				948089BE19BEA1DF0024CA8C /* InfoPlist.strings in Resources */,
			);
			runOnlyForDeploymentPostprocessing = 0;
		};
/* End PBXResourcesBuildPhase section */

/* Begin PBXSourcesBuildPhase section */
		9480898A19BEA1DE0024CA8C /* Sources */ = {
			isa = PBXSourcesBuildPhase;
			buildActionMask = 2147483647;
			files = (
				948089CB19BEA8720024CA8C /* TiposFallasTableViewController.m in Sources */,
				948089A219BEA1DE0024CA8C /* AppDelegate.m in Sources */,
				948089D119BEA9A80024CA8C /* RequestsCenter.m in Sources */,
				9480899E19BEA1DE0024CA8C /* main.m in Sources */,
				948089CE19BEA98A0024CA8C /* ReporteTableViewController.m in Sources */,
			);
			runOnlyForDeploymentPostprocessing = 0;
		};
		948089AE19BEA1DE0024CA8C /* Sources */ = {
			isa = PBXSourcesBuildPhase;
			buildActionMask = 2147483647;
			files = (
				948089C019BEA1DF0024CA8C /* CFEMovilDemoTests.m in Sources */,
			);
			runOnlyForDeploymentPostprocessing = 0;
		};
/* End PBXSourcesBuildPhase section */

/* Begin PBXTargetDependency section */
		948089B819BEA1DE0024CA8C /* PBXTargetDependency */ = {
			isa = PBXTargetDependency;
			target = 9480898D19BEA1DE0024CA8C /* CFEMovilDemo */;
			targetProxy = 948089B719BEA1DE0024CA8C /* PBXContainerItemProxy */;
		};
/* End PBXTargetDependency section */

/* Begin PBXVariantGroup section */
		9480899A19BEA1DE0024CA8C /* InfoPlist.strings */ = {
			isa = PBXVariantGroup;
			children = (
				9480899B19BEA1DE0024CA8C /* en */,
			);
			name = InfoPlist.strings;
			sourceTree = "<group>";
		};
		948089A319BEA1DE0024CA8C /* Main_iPhone.storyboard */ = {
			isa = PBXVariantGroup;
			children = (
				948089A419BEA1DE0024CA8C /* Base */,
			);
			name = Main_iPhone.storyboard;
			sourceTree = "<group>";
		};
		948089A619BEA1DE0024CA8C /* Main_iPad.storyboard */ = {
			isa = PBXVariantGroup;
			children = (
				948089A719BEA1DE0024CA8C /* Base */,
			);
			name = Main_iPad.storyboard;
			sourceTree = "<group>";
		};
		948089BC19BEA1DF0024CA8C /* InfoPlist.strings */ = {
			isa = PBXVariantGroup;
			children = (
				948089BD19BEA1DF0024CA8C /* en */,
			);
			name = InfoPlist.strings;
			sourceTree = "<group>";
		};
/* End PBXVariantGroup section */

/* Begin XCBuildConfiguration section */
		948089C119BEA1DF0024CA8C /* Debug */ = {
			isa = XCBuildConfiguration;
			buildSettings = {
				ALWAYS_SEARCH_USER_PATHS = NO;
				CLANG_CXX_LANGUAGE_STANDARD = "gnu++0x";
				CLANG_CXX_LIBRARY = "libc++";
				CLANG_ENABLE_MODULES = YES;
				CLANG_ENABLE_OBJC_ARC = YES;
				CLANG_WARN_BOOL_CONVERSION = YES;
				CLANG_WARN_CONSTANT_CONVERSION = YES;
				CLANG_WARN_DIRECT_OBJC_ISA_USAGE = YES_ERROR;
				CLANG_WARN_EMPTY_BODY = YES;
				CLANG_WARN_ENUM_CONVERSION = YES;
				CLANG_WARN_INT_CONVERSION = YES;
				CLANG_WARN_OBJC_ROOT_CLASS = YES_ERROR;
				CLANG_WARN__DUPLICATE_METHOD_MATCH = YES;
				"CODE_SIGN_IDENTITY[sdk=iphoneos*]" = "iPhone Developer";
				COPY_PHASE_STRIP = NO;
				GCC_C_LANGUAGE_STANDARD = gnu99;
				GCC_DYNAMIC_NO_PIC = NO;
				GCC_OPTIMIZATION_LEVEL = 0;
				GCC_PREPROCESSOR_DEFINITIONS = (
					"DEBUG=1",
					"$(inherited)",
				);
				GCC_SYMBOLS_PRIVATE_EXTERN = NO;
				GCC_WARN_64_TO_32_BIT_CONVERSION = YES;
				GCC_WARN_ABOUT_RETURN_TYPE = YES_ERROR;
				GCC_WARN_UNDECLARED_SELECTOR = YES;
				GCC_WARN_UNINITIALIZED_AUTOS = YES_AGGRESSIVE;
				GCC_WARN_UNUSED_FUNCTION = YES;
				GCC_WARN_UNUSED_VARIABLE = YES;
				IPHONEOS_DEPLOYMENT_TARGET = 7.1;
				ONLY_ACTIVE_ARCH = YES;
				SDKROOT = iphoneos;
				TARGETED_DEVICE_FAMILY = "1,2";
			};
			name = Debug;
		};
		948089C219BEA1DF0024CA8C /* Release */ = {
			isa = XCBuildConfiguration;
			buildSettings = {
				ALWAYS_SEARCH_USER_PATHS = NO;
				CLANG_CXX_LANGUAGE_STANDARD = "gnu++0x";
				CLANG_CXX_LIBRARY = "libc++";
				CLANG_ENABLE_MODULES = YES;
				CLANG_ENABLE_OBJC_ARC = YES;
				CLANG_WARN_BOOL_CONVERSION = YES;
				CLANG_WARN_CONSTANT_CONVERSION = YES;
				CLANG_WARN_DIRECT_OBJC_ISA_USAGE = YES_ERROR;
				CLANG_WARN_EMPTY_BODY = YES;
				CLANG_WARN_ENUM_CONVERSION = YES;
				CLANG_WARN_INT_CONVERSION = YES;
				CLANG_WARN_OBJC_ROOT_CLASS = YES_ERROR;
				CLANG_WARN__DUPLICATE_METHOD_MATCH = YES;
				"CODE_SIGN_IDENTITY[sdk=iphoneos*]" = "iPhone Developer";
				COPY_PHASE_STRIP = YES;
				ENABLE_NS_ASSERTIONS = NO;
				GCC_C_LANGUAGE_STANDARD = gnu99;
				GCC_WARN_64_TO_32_BIT_CONVERSION = YES;
				GCC_WARN_ABOUT_RETURN_TYPE = YES_ERROR;
				GCC_WARN_UNDECLARED_SELECTOR = YES;
				GCC_WARN_UNINITIALIZED_AUTOS = YES_AGGRESSIVE;
				GCC_WARN_UNUSED_FUNCTION = YES;
				GCC_WARN_UNUSED_VARIABLE = YES;
				IPHONEOS_DEPLOYMENT_TARGET = 7.1;
				SDKROOT = iphoneos;
				TARGETED_DEVICE_FAMILY = "1,2";
				VALIDATE_PRODUCT = YES;
			};
			name = Release;
		};
		948089C419BEA1DF0024CA8C /* Debug */ = {
			isa = XCBuildConfiguration;
			buildSettings = {
				ASSETCATALOG_COMPILER_APPICON_NAME = AppIcon;
				ASSETCATALOG_COMPILER_LAUNCHIMAGE_NAME = LaunchImage;
				GCC_PRECOMPILE_PREFIX_HEADER = YES;
				GCC_PREFIX_HEADER = "CFEMovilDemo/CFEMovilDemo-Prefix.pch";
				INFOPLIST_FILE = "CFEMovilDemo/CFEMovilDemo-Info.plist";
				PRODUCT_NAME = "$(TARGET_NAME)";
				WRAPPER_EXTENSION = app;
			};
			name = Debug;
		};
		948089C519BEA1DF0024CA8C /* Release */ = {
			isa = XCBuildConfiguration;
			buildSettings = {
				ASSETCATALOG_COMPILER_APPICON_NAME = AppIcon;
				ASSETCATALOG_COMPILER_LAUNCHIMAGE_NAME = LaunchImage;
				GCC_PRECOMPILE_PREFIX_HEADER = YES;
				GCC_PREFIX_HEADER = "CFEMovilDemo/CFEMovilDemo-Prefix.pch";
				INFOPLIST_FILE = "CFEMovilDemo/CFEMovilDemo-Info.plist";
				PRODUCT_NAME = "$(TARGET_NAME)";
				WRAPPER_EXTENSION = app;
			};
			name = Release;
		};
		948089C719BEA1DF0024CA8C /* Debug */ = {
			isa = XCBuildConfiguration;
			buildSettings = {
				BUNDLE_LOADER = "$(BUILT_PRODUCTS_DIR)/CFEMovilDemo.app/CFEMovilDemo";
				FRAMEWORK_SEARCH_PATHS = (
					"$(SDKROOT)/Developer/Library/Frameworks",
					"$(inherited)",
					"$(DEVELOPER_FRAMEWORKS_DIR)",
				);
				GCC_PRECOMPILE_PREFIX_HEADER = YES;
				GCC_PREFIX_HEADER = "CFEMovilDemo/CFEMovilDemo-Prefix.pch";
				GCC_PREPROCESSOR_DEFINITIONS = (
					"DEBUG=1",
					"$(inherited)",
				);
				INFOPLIST_FILE = "CFEMovilDemoTests/CFEMovilDemoTests-Info.plist";
				PRODUCT_NAME = "$(TARGET_NAME)";
				TEST_HOST = "$(BUNDLE_LOADER)";
				WRAPPER_EXTENSION = xctest;
			};
			name = Debug;
		};
		948089C819BEA1DF0024CA8C /* Release */ = {
			isa = XCBuildConfiguration;
			buildSettings = {
				BUNDLE_LOADER = "$(BUILT_PRODUCTS_DIR)/CFEMovilDemo.app/CFEMovilDemo";
				FRAMEWORK_SEARCH_PATHS = (
					"$(SDKROOT)/Developer/Library/Frameworks",
					"$(inherited)",
					"$(DEVELOPER_FRAMEWORKS_DIR)",
				);
				GCC_PRECOMPILE_PREFIX_HEADER = YES;
				GCC_PREFIX_HEADER = "CFEMovilDemo/CFEMovilDemo-Prefix.pch";
				INFOPLIST_FILE = "CFEMovilDemoTests/CFEMovilDemoTests-Info.plist";
				PRODUCT_NAME = "$(TARGET_NAME)";
				TEST_HOST = "$(BUNDLE_LOADER)";
				WRAPPER_EXTENSION = xctest;
			};
			name = Release;
		};
/* End XCBuildConfiguration section */

/* Begin XCConfigurationList section */
		9480898919BEA1DE0024CA8C /* Build configuration list for PBXProject "CFEMovilDemo" */ = {
			isa = XCConfigurationList;
			buildConfigurations = (
				948089C119BEA1DF0024CA8C /* Debug */,
				948089C219BEA1DF0024CA8C /* Release */,
			);
			defaultConfigurationIsVisible = 0;
			defaultConfigurationName = Release;
		};
		948089C319BEA1DF0024CA8C /* Build configuration list for PBXNativeTarget "CFEMovilDemo" */ = {
			isa = XCConfigurationList;
			buildConfigurations = (
				948089C419BEA1DF0024CA8C /* Debug */,
				948089C519BEA1DF0024CA8C /* Release */,
			);
			defaultConfigurationIsVisible = 0;
		};
		948089C619BEA1DF0024CA8C /* Build configuration list for PBXNativeTarget "CFEMovilDemoTests" */ = {
			isa = XCConfigurationList;
			buildConfigurations = (
				948089C719BEA1DF0024CA8C /* Debug */,
				948089C819BEA1DF0024CA8C /* Release */,
			);
			defaultConfigurationIsVisible = 0;
		};
/* End XCConfigurationList section */
	};
	rootObject = 9480898619BEA1DE0024CA8C /* Project object */;
}
